
Microsoft Visual Studio Solution File, Format Version 12.00
# Visual Studio Version 16
VisualStudioVersion = 25.0.1704.2
MinimumVisualStudioVersion = 10.0.40219.1
Project("{FAE04EC0-301F-11D3-BF4B-00C04F79EFBC}") = "Homework1_6_12", "Homework1_6_12\Homework1_6_12.csproj", "{FDD5BF73-105D-4C9C-A17E-B0D7A41CE6C0}"
EndProject
Global
	GlobalSection(SolutionConfigurationPlatforms) = preSolution
		Debug|Any CPU = Debug|Any CPU
		Release|Any CPU = Release|Any CPU
	EndGlobalSection
	GlobalSection(ProjectConfigurationPlatforms) = postSolution
		{FDD5BF73-105D-4C9C-A17E-B0D7A41CE6C0}.Debug|Any CPU.ActiveCfg = Debug|Any CPU
		{FDD5BF73-105D-4C9C-A17E-B0D7A41CE6C0}.Debug|Any CPU.Build.0 = Debug|Any CPU
		{FDD5BF73-105D-4C9C-A17E-B0D7A41CE6C0}.Release|Any CPU.ActiveCfg = Release|Any CPU
		{FDD5BF73-105D-4C9C-A17E-B0D7A41CE6C0}.Release|Any CPU.Build.0 = Release|Any CPU
	EndGlobalSection
	GlobalSection(SolutionProperties) = preSolution
		HideSolutionNode = FALSE
	EndGlobalSection
	GlobalSection(ExtensibilityGlobals) = postSolution
		SolutionGuid = {0963D23C-F6BB-49C3-A81F-E0CCB7EA419D}
	EndGlobalSection
EndGlobal
